PODS:
  - Alamofire (4.8.1)
  - AlamofireImage (3.5.0):
    - Alamofire (~> 4.8)
  - Core (0.0.1):
    - Alamofire
    - AlamofireImage
    - GoogleMaps
    - GooglePlaces
    - ReactiveObjC
    - ReactiveObjCBridge
    - ReactiveSwift
    - SwiftyJSON
  - GoogleMaps (3.0.3):
    - GoogleMaps/Maps (= 3.0.3)
  - GoogleMaps/Base (3.0.3)
  - GoogleMaps/Maps (3.0.3):
    - GoogleMaps/Base
  - GooglePlaces (3.0.3):
    - GoogleMaps/Base (= 3.0.3)
  - ReactiveObjC (3.1.0)
  - ReactiveObjCBridge (4.0.0):
    - ReactiveObjC (~> 3.1)
    - ReactiveSwift (~> 4.0)
  - ReactiveSwift (4.0.0):
    - Result (~> 4.0)
  - Result (4.1.0)
  - SwiftyJSON (4.2.0)

DEPENDENCIES:
  - Core (from `https://github.com/CanOzcan93/Core.git`)

SPEC REPOS:
  https://github.com/cocoapods/specs.git:
    - Alamofire
    - AlamofireImage
    - GoogleMaps
    - GooglePlaces
    - ReactiveObjC
    - ReactiveObjCBridge
    - ReactiveSwift
    - Result
    - SwiftyJSON

EXTERNAL SOURCES:
  Core:
    :git: https://github.com/CanOzcan93/Core.git

CHECKOUT OPTIONS:
  Core:
    :commit: ac686c6bc42e6fcb6f6fe38f5be89a52cabbefa6
    :git: https://github.com/CanOzcan93/Core.git

SPEC CHECKSUMS:
  Alamofire: 16ce2c353fb72865124ddae8a57c5942388f4f11
  AlamofireImage: 1aea346f4dda2f6c67622fa5a89fcbb80d79cc16
  Core: 668abd46873a1f7aed328e10baf487a393be7851
  GoogleMaps: fd5c9fa58871781b9fb94d4936f19c69fe60ce32
  GooglePlaces: f09e76993c9c3ee4af8f4f7f535bb94d6aa3b649
  ReactiveObjC: 2a38ea15335de4119d8b17caf1db1484f61db902
  ReactiveObjCBridge: c2e4c6a8c1f960902f48ce2ee4ff2b24b8ae172d
  ReactiveSwift: a2bb9ace428a109e9c0209615645d9d286c8c433
  Result: bd966fac789cc6c1563440b348ab2598cc24d5c7
  SwiftyJSON: c4bcba26dd9ec7a027fc8eade48e2c911f229e96

PODFILE CHECKSUM: ac2ad15d90e60977da191cb4113295e9ac9144c4

COCOAPODS: 1.5.3
